
Microsoft Visual Studio Solution File, Format Version 12.00
# Visual Studio Version 17
VisualStudioVersion = 17.6.33723.286
MinimumVisualStudioVersion = 10.0.40219.1
Project("{FAE04EC0-301F-11D3-BF4B-00C04F79EFBC}") = "FileDirOpdracht", "FileDirOpdracht\FileDirOpdracht.csproj", "{9CEBFDE0-DDFB-4EDE-A1B1-0B4EEDE40605}"
EndProject
Global
	GlobalSection(SolutionConfigurationPlatforms) = preSolution
		Debug|Any CPU = Debug|Any CPU
		Release|Any CPU = Release|Any CPU
	EndGlobalSection
	GlobalSection(ProjectConfigurationPlatforms) = postSolution
		{9CEBFDE0-DDFB-4EDE-A1B1-0B4EEDE40605}.Debug|Any CPU.ActiveCfg = Debug|Any CPU
		{9CEBFDE0-DDFB-4EDE-A1B1-0B4EEDE40605}.Debug|Any CPU.Build.0 = Debug|Any CPU
		{9CEBFDE0-DDFB-4EDE-A1B1-0B4EEDE40605}.Release|Any CPU.ActiveCfg = Release|Any CPU
		{9CEBFDE0-DDFB-4EDE-A1B1-0B4EEDE40605}.Release|Any CPU.Build.0 = Release|Any CPU
	EndGlobalSection
	GlobalSection(SolutionProperties) = preSolution
		HideSolutionNode = FALSE
	EndGlobalSection
	GlobalSection(ExtensibilityGlobals) = postSolution
		SolutionGuid = {B9610451-F791-4246-A595-3A683FD5EEE8}
	EndGlobalSection
EndGlobal
