
Microsoft Visual Studio Solution File, Format Version 12.00
# Visual Studio Version 17
VisualStudioVersion = 17.6.33723.286
MinimumVisualStudioVersion = 10.0.40219.1
Project("{FAE04EC0-301F-11D3-BF4B-00C04F79EFBC}") = "FileDirOpdracht", "FileDirOpdracht\FileDirOpdracht.csproj", "{CC157CAC-CAB1-40DC-985E-F3FA9D45DDFF}"
EndProject
Global
	GlobalSection(SolutionConfigurationPlatforms) = preSolution
		Debug|Any CPU = Debug|Any CPU
		Release|Any CPU = Release|Any CPU
	EndGlobalSection
	GlobalSection(ProjectConfigurationPlatforms) = postSolution
		{CC157CAC-CAB1-40DC-985E-F3FA9D45DDFF}.Debug|Any CPU.ActiveCfg = Debug|Any CPU
		{CC157CAC-CAB1-40DC-985E-F3FA9D45DDFF}.Debug|Any CPU.Build.0 = Debug|Any CPU
		{CC157CAC-CAB1-40DC-985E-F3FA9D45DDFF}.Release|Any CPU.ActiveCfg = Release|Any CPU
		{CC157CAC-CAB1-40DC-985E-F3FA9D45DDFF}.Release|Any CPU.Build.0 = Release|Any CPU
	EndGlobalSection
	GlobalSection(SolutionProperties) = preSolution
		HideSolutionNode = FALSE
	EndGlobalSection
	GlobalSection(ExtensibilityGlobals) = postSolution
		SolutionGuid = {0DEC1084-4FA0-4040-AC51-F21209FB1BBD}
	EndGlobalSection
EndGlobal
